
Microsoft Visual Studio Solution File, Format Version 12.00
# Visual Studio Version 16
VisualStudioVersion = 16.0.30503.244
MinimumVisualStudioVersion = 10.0.40219.1
Project("{FAE04EC0-301F-11D3-BF4B-00C04F79EFBC}") = "FormPrac1", "FormPrac1\FormPrac1.csproj", "{250F1A0E-82AE-462E-8AFA-3EA0A8E977FC}"
EndProject
Global
	GlobalSection(SolutionConfigurationPlatforms) = preSolution
		Debug|Any CPU = Debug|Any CPU
		Release|Any CPU = Release|Any CPU
	EndGlobalSection
	GlobalSection(ProjectConfigurationPlatforms) = postSolution
		{250F1A0E-82AE-462E-8AFA-3EA0A8E977FC}.Debug|Any CPU.ActiveCfg = Debug|Any CPU
		{250F1A0E-82AE-462E-8AFA-3EA0A8E977FC}.Debug|Any CPU.Build.0 = Debug|Any CPU
		{250F1A0E-82AE-462E-8AFA-3EA0A8E977FC}.Release|Any CPU.ActiveCfg = Release|Any CPU
		{250F1A0E-82AE-462E-8AFA-3EA0A8E977FC}.Release|Any CPU.Build.0 = Release|Any CPU
	EndGlobalSection
	GlobalSection(SolutionProperties) = preSolution
		HideSolutionNode = FALSE
	EndGlobalSection
	GlobalSection(ExtensibilityGlobals) = postSolution
		SolutionGuid = {D29CB3CF-65B6-46B5-8674-D10385F19D2A}
	EndGlobalSection
EndGlobal
